
Microsoft Visual Studio Solution File, Format Version 12.00
# Visual Studio Version 16
VisualStudioVersion = 16.0.29306.81
MinimumVisualStudioVersion = 10.0.40219.1
Project("{FAE04EC0-301F-11D3-BF4B-00C04F79EFBC}") = "XamF.Controls.DataGrid.Android", "XamF.Controls.DataGrid\XamF.Controls.DataGrid.Android\XamF.Controls.DataGrid.Android.csproj", "{AFCD1F08-2D40-4327-9438-5DBB13D3ECD9}"
EndProject
Project("{FAE04EC0-301F-11D3-BF4B-00C04F79EFBC}") = "XamF.Controls.DataGrid.iOS", "XamF.Controls.DataGrid\XamF.Controls.DataGrid.iOS\XamF.Controls.DataGrid.iOS.csproj", "{08BEC096-5799-4C08-898F-6E3A1D78AB42}"
EndProject
Project("{9A19103F-16F7-4668-BE54-9A1E7A4F7556}") = "XamF.Controls.DataGrid", "XamF.Controls.DataGrid\XamF.Controls.DataGrid\XamF.Controls.DataGrid.csproj", "{D63957B2-522C-4760-86F7-698D18C1AC1A}"
EndProject
Project("{FAE04EC0-301F-11D3-BF4B-00C04F79EFBC}") = "XamF.Controls.CustomDialogs", "XamF.Controls.CustomDialogs\XamF.Controls.CustomDialogs.csproj", "{35BB4BAC-85C7-46A7-AC9A-DE5F2CCA9D67}"
EndProject
Global
	GlobalSection(SolutionConfigurationPlatforms) = preSolution
		Debug|Any CPU = Debug|Any CPU
		Debug|iPhone = Debug|iPhone
		Debug|iPhoneSimulator = Debug|iPhoneSimulator
		Release|Any CPU = Release|Any CPU
		Release|iPhone = Release|iPhone
		Release|iPhoneSimulator = Release|iPhoneSimulator
	EndGlobalSection
	GlobalSection(ProjectConfigurationPlatforms) = postSolution
		{AFCD1F08-2D40-4327-9438-5DBB13D3ECD9}.Debug|Any CPU.ActiveCfg = Debug|Any CPU
		{AFCD1F08-2D40-4327-9438-5DBB13D3ECD9}.Debug|Any CPU.Build.0 = Debug|Any CPU
		{AFCD1F08-2D40-4327-9438-5DBB13D3ECD9}.Debug|Any CPU.Deploy.0 = Debug|Any CPU
		{AFCD1F08-2D40-4327-9438-5DBB13D3ECD9}.Debug|iPhone.ActiveCfg = Debug|Any CPU
		{AFCD1F08-2D40-4327-9438-5DBB13D3ECD9}.Debug|iPhone.Build.0 = Debug|Any CPU
		{AFCD1F08-2D40-4327-9438-5DBB13D3ECD9}.Debug|iPhone.Deploy.0 = Debug|Any CPU
		{AFCD1F08-2D40-4327-9438-5DBB13D3ECD9}.Debug|iPhoneSimulator.ActiveCfg = Debug|Any CPU
		{AFCD1F08-2D40-4327-9438-5DBB13D3ECD9}.Debug|iPhoneSimulator.Build.0 = Debug|Any CPU
		{AFCD1F08-2D40-4327-9438-5DBB13D3ECD9}.Debug|iPhoneSimulator.Deploy.0 = Debug|Any CPU
		{AFCD1F08-2D40-4327-9438-5DBB13D3ECD9}.Release|Any CPU.ActiveCfg = Release|Any CPU
		{AFCD1F08-2D40-4327-9438-5DBB13D3ECD9}.Release|Any CPU.Build.0 = Release|Any CPU
		{AFCD1F08-2D40-4327-9438-5DBB13D3ECD9}.Release|Any CPU.Deploy.0 = Release|Any CPU
		{AFCD1F08-2D40-4327-9438-5DBB13D3ECD9}.Release|iPhone.ActiveCfg = Release|Any CPU
		{AFCD1F08-2D40-4327-9438-5DBB13D3ECD9}.Release|iPhone.Build.0 = Release|Any CPU
		{AFCD1F08-2D40-4327-9438-5DBB13D3ECD9}.Release|iPhone.Deploy.0 = Release|Any CPU
		{AFCD1F08-2D40-4327-9438-5DBB13D3ECD9}.Release|iPhoneSimulator.ActiveCfg = Release|Any CPU
		{AFCD1F08-2D40-4327-9438-5DBB13D3ECD9}.Release|iPhoneSimulator.Build.0 = Release|Any CPU
		{AFCD1F08-2D40-4327-9438-5DBB13D3ECD9}.Release|iPhoneSimulator.Deploy.0 = Release|Any CPU
		{08BEC096-5799-4C08-898F-6E3A1D78AB42}.Debug|Any CPU.ActiveCfg = Debug|iPhoneSimulator
		{08BEC096-5799-4C08-898F-6E3A1D78AB42}.Debug|Any CPU.Build.0 = Debug|iPhoneSimulator
		{08BEC096-5799-4C08-898F-6E3A1D78AB42}.Debug|Any CPU.Deploy.0 = Debug|iPhoneSimulator
		{08BEC096-5799-4C08-898F-6E3A1D78AB42}.Debug|iPhone.ActiveCfg = Debug|iPhone
		{08BEC096-5799-4C08-898F-6E3A1D78AB42}.Debug|iPhone.Build.0 = Debug|iPhone
		{08BEC096-5799-4C08-898F-6E3A1D78AB42}.Debug|iPhone.Deploy.0 = Debug|iPhone
		{08BEC096-5799-4C08-898F-6E3A1D78AB42}.Debug|iPhoneSimulator.ActiveCfg = Debug|iPhoneSimulator
		{08BEC096-5799-4C08-898F-6E3A1D78AB42}.Debug|iPhoneSimulator.Build.0 = Debug|iPhoneSimulator
		{08BEC096-5799-4C08-898F-6E3A1D78AB42}.Debug|iPhoneSimulator.Deploy.0 = Debug|iPhoneSimulator
		{08BEC096-5799-4C08-898F-6E3A1D78AB42}.Release|Any CPU.ActiveCfg = Release|iPhone
		{08BEC096-5799-4C08-898F-6E3A1D78AB42}.Release|Any CPU.Build.0 = Release|iPhone
		{08BEC096-5799-4C08-898F-6E3A1D78AB42}.Release|Any CPU.Deploy.0 = Release|iPhone
		{08BEC096-5799-4C08-898F-6E3A1D78AB42}.Release|iPhone.ActiveCfg = Release|iPhone
		{08BEC096-5799-4C08-898F-6E3A1D78AB42}.Release|iPhone.Build.0 = Release|iPhone
		{08BEC096-5799-4C08-898F-6E3A1D78AB42}.Release|iPhone.Deploy.0 = Release|iPhone
		{08BEC096-5799-4C08-898F-6E3A1D78AB42}.Release|iPhoneSimulator.ActiveCfg = Release|iPhoneSimulator
		{08BEC096-5799-4C08-898F-6E3A1D78AB42}.Release|iPhoneSimulator.Build.0 = Release|iPhoneSimulator
		{08BEC096-5799-4C08-898F-6E3A1D78AB42}.Release|iPhoneSimulator.Deploy.0 = Release|iPhoneSimulator
		{D63957B2-522C-4760-86F7-698D18C1AC1A}.Debug|Any CPU.ActiveCfg = Debug|Any CPU
		{D63957B2-522C-4760-86F7-698D18C1AC1A}.Debug|Any CPU.Build.0 = Debug|Any CPU
		{D63957B2-522C-4760-86F7-698D18C1AC1A}.Debug|Any CPU.Deploy.0 = Debug|Any CPU
		{D63957B2-522C-4760-86F7-698D18C1AC1A}.Debug|iPhone.ActiveCfg = Debug|Any CPU
		{D63957B2-522C-4760-86F7-698D18C1AC1A}.Debug|iPhone.Build.0 = Debug|Any CPU
		{D63957B2-522C-4760-86F7-698D18C1AC1A}.Debug|iPhone.Deploy.0 = Debug|Any CPU
		{D63957B2-522C-4760-86F7-698D18C1AC1A}.Debug|iPhoneSimulator.ActiveCfg = Debug|Any CPU
		{D63957B2-522C-4760-86F7-698D18C1AC1A}.Debug|iPhoneSimulator.Build.0 = Debug|Any CPU
		{D63957B2-522C-4760-86F7-698D18C1AC1A}.Debug|iPhoneSimulator.Deploy.0 = Debug|Any CPU
		{D63957B2-522C-4760-86F7-698D18C1AC1A}.Release|Any CPU.ActiveCfg = Release|Any CPU
		{D63957B2-522C-4760-86F7-698D18C1AC1A}.Release|Any CPU.Build.0 = Release|Any CPU
		{D63957B2-522C-4760-86F7-698D18C1AC1A}.Release|Any CPU.Deploy.0 = Release|Any CPU
		{D63957B2-522C-4760-86F7-698D18C1AC1A}.Release|iPhone.ActiveCfg = Release|Any CPU
		{D63957B2-522C-4760-86F7-698D18C1AC1A}.Release|iPhone.Build.0 = Release|Any CPU
		{D63957B2-522C-4760-86F7-698D18C1AC1A}.Release|iPhone.Deploy.0 = Release|Any CPU
		{D63957B2-522C-4760-86F7-698D18C1AC1A}.Release|iPhoneSimulator.ActiveCfg = Release|Any CPU
		{D63957B2-522C-4760-86F7-698D18C1AC1A}.Release|iPhoneSimulator.Build.0 = Release|Any CPU
		{D63957B2-522C-4760-86F7-698D18C1AC1A}.Release|iPhoneSimulator.Deploy.0 = Release|Any CPU
		{35BB4BAC-85C7-46A7-AC9A-DE5F2CCA9D67}.Debug|Any CPU.ActiveCfg = Debug|Any CPU
		{35BB4BAC-85C7-46A7-AC9A-DE5F2CCA9D67}.Debug|Any CPU.Build.0 = Debug|Any CPU
		{35BB4BAC-85C7-46A7-AC9A-DE5F2CCA9D67}.Debug|iPhone.ActiveCfg = Debug|Any CPU
		{35BB4BAC-85C7-46A7-AC9A-DE5F2CCA9D67}.Debug|iPhone.Build.0 = Debug|Any CPU
		{35BB4BAC-85C7-46A7-AC9A-DE5F2CCA9D67}.Debug|iPhoneSimulator.ActiveCfg = Debug|Any CPU
		{35BB4BAC-85C7-46A7-AC9A-DE5F2CCA9D67}.Debug|iPhoneSimulator.Build.0 = Debug|Any CPU
		{35BB4BAC-85C7-46A7-AC9A-DE5F2CCA9D67}.Release|Any CPU.ActiveCfg = Release|Any CPU
		{35BB4BAC-85C7-46A7-AC9A-DE5F2CCA9D67}.Release|Any CPU.Build.0 = Release|Any CPU
		{35BB4BAC-85C7-46A7-AC9A-DE5F2CCA9D67}.Release|iPhone.ActiveCfg = Release|Any CPU
		{35BB4BAC-85C7-46A7-AC9A-DE5F2CCA9D67}.Release|iPhone.Build.0 = Release|Any CPU
		{35BB4BAC-85C7-46A7-AC9A-DE5F2CCA9D67}.Release|iPhoneSimulator.ActiveCfg = Release|Any CPU
		{35BB4BAC-85C7-46A7-AC9A-DE5F2CCA9D67}.Release|iPhoneSimulator.Build.0 = Release|Any CPU
	EndGlobalSection
	GlobalSection(SolutionProperties) = preSolution
		HideSolutionNode = FALSE
	EndGlobalSection
	GlobalSection(ExtensibilityGlobals) = postSolution
		SolutionGuid = {4A55E9ED-4984-4915-9623-6A0969638084}
	EndGlobalSection
EndGlobal
